
Microsoft Visual Studio Solution File, Format Version 12.00
# Visual Studio 15
VisualStudioVersion = 15.0.28307.168
MinimumVisualStudioVersion = 10.0.40219.1
Project("{FAE04EC0-301F-11D3-BF4B-00C04F79EFBC}") = "C0723724-section 2-week5", "C0723724-section 2-week5\C0723724-section 2-week5.csproj", "{C42AB01C-B322-473B-8ACD-D4500ACC5030}"
EndProject
Global
	GlobalSection(SolutionConfigurationPlatforms) = preSolution
		Debug|Any CPU = Debug|Any CPU
		Release|Any CPU = Release|Any CPU
	EndGlobalSection
	GlobalSection(ProjectConfigurationPlatforms) = postSolution
		{C42AB01C-B322-473B-8ACD-D4500ACC5030}.Debug|Any CPU.ActiveCfg = Debug|Any CPU
		{C42AB01C-B322-473B-8ACD-D4500ACC5030}.Debug|Any CPU.Build.0 = Debug|Any CPU
		{C42AB01C-B322-473B-8ACD-D4500ACC5030}.Release|Any CPU.ActiveCfg = Release|Any CPU
		{C42AB01C-B322-473B-8ACD-D4500ACC5030}.Release|Any CPU.Build.0 = Release|Any CPU
	EndGlobalSection
	GlobalSection(SolutionProperties) = preSolution
		HideSolutionNode = FALSE
	EndGlobalSection
	GlobalSection(ExtensibilityGlobals) = postSolution
		SolutionGuid = {C78D0031-414A-40F9-A6CC-8F23166936A1}
	EndGlobalSection
EndGlobal
